
Microsoft Visual Studio Solution File, Format Version 12.00
# Visual Studio Version 17
VisualStudioVersion = 17.6.33829.357
MinimumVisualStudioVersion = 10.0.40219.1
Project("{9A19103F-16F7-4668-BE54-9A1E7A4F7556}") = "PublicApi", "PublicApi\PublicApi.csproj", "{BB325421-2B35-4535-B7D0-26181BDC84C5}"
EndProject
Project("{2150E333-8FDC-42A3-9474-1A3956D46DE8}") = "SolutionFolder", "SolutionFolder", "{7F1CAA5F-961F-49C8-B0EF-2E18E10D1BAA}"
	ProjectSection(SolutionItems) = preProject
		..\ReadMe.md = ..\ReadMe.md
	EndProjectSection
EndProject
Project("{9A19103F-16F7-4668-BE54-9A1E7A4F7556}") = "InternalApi", "InternalApi\InternalApi.csproj", "{2986C23D-709A-4FCB-84BA-92A690EEE744}"
EndProject
Project("{E53339B2-1760-4266-BCC7-CA923CBCF16C}") = "docker-compose", "docker-compose.dcproj", "{8B9D3DA7-65EC-44A1-9490-FEDA61D514F0}"
EndProject
Global
	GlobalSection(SolutionConfigurationPlatforms) = preSolution
		Debug|Any CPU = Debug|Any CPU
		Release|Any CPU = Release|Any CPU
	EndGlobalSection
	GlobalSection(ProjectConfigurationPlatforms) = postSolution
		{BB325421-2B35-4535-B7D0-26181BDC84C5}.Debug|Any CPU.ActiveCfg = Debug|Any CPU
		{BB325421-2B35-4535-B7D0-26181BDC84C5}.Debug|Any CPU.Build.0 = Debug|Any CPU
		{BB325421-2B35-4535-B7D0-26181BDC84C5}.Release|Any CPU.ActiveCfg = Release|Any CPU
		{BB325421-2B35-4535-B7D0-26181BDC84C5}.Release|Any CPU.Build.0 = Release|Any CPU
		{2986C23D-709A-4FCB-84BA-92A690EEE744}.Debug|Any CPU.ActiveCfg = Debug|Any CPU
		{2986C23D-709A-4FCB-84BA-92A690EEE744}.Debug|Any CPU.Build.0 = Debug|Any CPU
		{2986C23D-709A-4FCB-84BA-92A690EEE744}.Release|Any CPU.ActiveCfg = Release|Any CPU
		{2986C23D-709A-4FCB-84BA-92A690EEE744}.Release|Any CPU.Build.0 = Release|Any CPU
		{8B9D3DA7-65EC-44A1-9490-FEDA61D514F0}.Debug|Any CPU.ActiveCfg = Debug|Any CPU
		{8B9D3DA7-65EC-44A1-9490-FEDA61D514F0}.Debug|Any CPU.Build.0 = Debug|Any CPU
		{8B9D3DA7-65EC-44A1-9490-FEDA61D514F0}.Release|Any CPU.ActiveCfg = Release|Any CPU
		{8B9D3DA7-65EC-44A1-9490-FEDA61D514F0}.Release|Any CPU.Build.0 = Release|Any CPU
	EndGlobalSection
	GlobalSection(SolutionProperties) = preSolution
		HideSolutionNode = FALSE
	EndGlobalSection
	GlobalSection(ExtensibilityGlobals) = postSolution
		SolutionGuid = {FC1114AE-85A9-4505-A745-782C93724054}
	EndGlobalSection
EndGlobal
